
Microsoft Visual Studio Solution File, Format Version 12.00
# Visual Studio Version 16
VisualStudioVersion = 16.0.28803.352
MinimumVisualStudioVersion = 10.0.40219.1
Project("{FAE04EC0-301F-11D3-BF4B-00C04F79EFBC}") = "Ejercicios2", "Ejercicios2\Ejercicios2.csproj", "{838AAA0B-1ED1-4D42-B258-C53685F2625A}"
EndProject
Global
	GlobalSection(SolutionConfigurationPlatforms) = preSolution
		Debug|Any CPU = Debug|Any CPU
		Release|Any CPU = Release|Any CPU
	EndGlobalSection
	GlobalSection(ProjectConfigurationPlatforms) = postSolution
		{838AAA0B-1ED1-4D42-B258-C53685F2625A}.Debug|Any CPU.ActiveCfg = Debug|Any CPU
		{838AAA0B-1ED1-4D42-B258-C53685F2625A}.Debug|Any CPU.Build.0 = Debug|Any CPU
		{838AAA0B-1ED1-4D42-B258-C53685F2625A}.Release|Any CPU.ActiveCfg = Release|Any CPU
		{838AAA0B-1ED1-4D42-B258-C53685F2625A}.Release|Any CPU.Build.0 = Release|Any CPU
	EndGlobalSection
	GlobalSection(SolutionProperties) = preSolution
		HideSolutionNode = FALSE
	EndGlobalSection
	GlobalSection(ExtensibilityGlobals) = postSolution
		SolutionGuid = {B531927D-F6D5-42AF-B6B4-EED441129C48}
	EndGlobalSection
EndGlobal
